
Microsoft Visual Studio Solution File, Format Version 12.00
# Visual Studio Version 17
VisualStudioVersion = 17.9.34728.123
MinimumVisualStudioVersion = 10.0.40219.1
Project("{9A19103F-16F7-4668-BE54-9A1E7A4F7556}") = "Klinika.WebApi", "Klinika.WebApi.csproj", "{D4E3FB58-4805-4851-8249-D7EC5BE60A81}"
EndProject
Project("{2150E333-8FDC-42A3-9474-1A3956D46DE8}") = "src", "src", "{E22D0F45-06FE-4F2F-B4CA-A2DC11D5B454}"
EndProject
Project("{FAE04EC0-301F-11D3-BF4B-00C04F79EFBC}") = "Klinika.Domain", "..\Klinika.Domain\Klinika.Domain.csproj", "{C19AD8C7-07A5-4132-80DC-94CD63340CCD}"
EndProject
Project("{FAE04EC0-301F-11D3-BF4B-00C04F79EFBC}") = "Klinika.Application", "..\Klinika.Application\Klinika.Application.csproj", "{F9B907EC-D573-4B5C-850D-3CF3CEF332E7}"
EndProject
Project("{FAE04EC0-301F-11D3-BF4B-00C04F79EFBC}") = "Klinika.Infrastructure", "..\Klinika.Infrastructure\Klinika.Infrastructure.csproj", "{11A72254-0507-4A1F-9B74-C11B328B2D13}"
EndProject
Project("{FAE04EC0-301F-11D3-BF4B-00C04F79EFBC}") = "Klinika.Presentation", "..\Klinika.Presentation\Klinika.Presentation.csproj", "{30C45723-E5DF-4A4F-8E26-FA312FBF9395}"
EndProject
Global
	GlobalSection(SolutionConfigurationPlatforms) = preSolution
		Debug|Any CPU = Debug|Any CPU
		Release|Any CPU = Release|Any CPU
	EndGlobalSection
	GlobalSection(ProjectConfigurationPlatforms) = postSolution
		{D4E3FB58-4805-4851-8249-D7EC5BE60A81}.Debug|Any CPU.ActiveCfg = Debug|Any CPU
		{D4E3FB58-4805-4851-8249-D7EC5BE60A81}.Debug|Any CPU.Build.0 = Debug|Any CPU
		{D4E3FB58-4805-4851-8249-D7EC5BE60A81}.Release|Any CPU.ActiveCfg = Release|Any CPU
		{D4E3FB58-4805-4851-8249-D7EC5BE60A81}.Release|Any CPU.Build.0 = Release|Any CPU
		{C19AD8C7-07A5-4132-80DC-94CD63340CCD}.Debug|Any CPU.ActiveCfg = Debug|Any CPU
		{C19AD8C7-07A5-4132-80DC-94CD63340CCD}.Debug|Any CPU.Build.0 = Debug|Any CPU
		{C19AD8C7-07A5-4132-80DC-94CD63340CCD}.Release|Any CPU.ActiveCfg = Release|Any CPU
		{C19AD8C7-07A5-4132-80DC-94CD63340CCD}.Release|Any CPU.Build.0 = Release|Any CPU
		{F9B907EC-D573-4B5C-850D-3CF3CEF332E7}.Debug|Any CPU.ActiveCfg = Debug|Any CPU
		{F9B907EC-D573-4B5C-850D-3CF3CEF332E7}.Debug|Any CPU.Build.0 = Debug|Any CPU
		{F9B907EC-D573-4B5C-850D-3CF3CEF332E7}.Release|Any CPU.ActiveCfg = Release|Any CPU
		{F9B907EC-D573-4B5C-850D-3CF3CEF332E7}.Release|Any CPU.Build.0 = Release|Any CPU
		{11A72254-0507-4A1F-9B74-C11B328B2D13}.Debug|Any CPU.ActiveCfg = Debug|Any CPU
		{11A72254-0507-4A1F-9B74-C11B328B2D13}.Debug|Any CPU.Build.0 = Debug|Any CPU
		{11A72254-0507-4A1F-9B74-C11B328B2D13}.Release|Any CPU.ActiveCfg = Release|Any CPU
		{11A72254-0507-4A1F-9B74-C11B328B2D13}.Release|Any CPU.Build.0 = Release|Any CPU
		{30C45723-E5DF-4A4F-8E26-FA312FBF9395}.Debug|Any CPU.ActiveCfg = Debug|Any CPU
		{30C45723-E5DF-4A4F-8E26-FA312FBF9395}.Debug|Any CPU.Build.0 = Debug|Any CPU
		{30C45723-E5DF-4A4F-8E26-FA312FBF9395}.Release|Any CPU.ActiveCfg = Release|Any CPU
		{30C45723-E5DF-4A4F-8E26-FA312FBF9395}.Release|Any CPU.Build.0 = Release|Any CPU
	EndGlobalSection
	GlobalSection(SolutionProperties) = preSolution
		HideSolutionNode = FALSE
	EndGlobalSection
	GlobalSection(NestedProjects) = preSolution
		{D4E3FB58-4805-4851-8249-D7EC5BE60A81} = {E22D0F45-06FE-4F2F-B4CA-A2DC11D5B454}
		{C19AD8C7-07A5-4132-80DC-94CD63340CCD} = {E22D0F45-06FE-4F2F-B4CA-A2DC11D5B454}
		{F9B907EC-D573-4B5C-850D-3CF3CEF332E7} = {E22D0F45-06FE-4F2F-B4CA-A2DC11D5B454}
		{11A72254-0507-4A1F-9B74-C11B328B2D13} = {E22D0F45-06FE-4F2F-B4CA-A2DC11D5B454}
		{30C45723-E5DF-4A4F-8E26-FA312FBF9395} = {E22D0F45-06FE-4F2F-B4CA-A2DC11D5B454}
	EndGlobalSection
	GlobalSection(ExtensibilityGlobals) = postSolution
		SolutionGuid = {5AC613DB-D1B5-477C-9A08-7A39DEC95F48}
	EndGlobalSection
EndGlobal
